// !$*UTF8*$!
{
	archiveVersion = 1;
	classes = {
	};
	objectVersion = 46;
	objects = {

/* Begin PBXBuildFile section */
		49B406CF1EB7F7B700761628 /* AppDelegate.swift in Sources */ = {isa = PBXBuildFile; fileRef = 49B406CE1EB7F7B700761628 /* AppDelegate.swift */; };
		49B406D11EB7F7B700761628 /* ViewController.swift in Sources */ = {isa = PBXBuildFile; fileRef = 49B406D01EB7F7B700761628 /* ViewController.swift */; };
		49B406D41EB7F7B700761628 /* Main.storyboard in Resources */ = {isa = PBXBuildFile; fileRef = 49B406D21EB7F7B700761628 /* Main.storyboard */; };
		49B406D61EB7F7B700761628 /* Assets.xcassets in Resources */ = {isa = PBXBuildFile; fileRef = 49B406D51EB7F7B700761628 /* Assets.xcassets */; };
		49B406D91EB7F7B700761628 /* LaunchScreen.storyboard in Resources */ = {isa = PBXBuildFile; fileRef = 49B406D71EB7F7B700761628 /* LaunchScreen.storyboard */; };
		49B406E41EB7F7B700761628 /* iQuizTests.swift in Sources */ = {isa = PBXBuildFile; fileRef = 49B406E31EB7F7B700761628 /* iQuizTests.swift */; };
		49B406EF1EB7F7B700761628 /* iQuizUITests.swift in Sources */ = {isa = PBXBuildFile; fileRef = 49B406EE1EB7F7B700761628 /* iQuizUITests.swift */; };
		49B406FD1EB7FB4D00761628 /* NavView.swift in Sources */ = {isa = PBXBuildFile; fileRef = 49B406FC1EB7FB4D00761628 /* NavView.swift */; };
		49B406FF1EB7FB8000761628 /* Cell.swift in Sources */ = {isa = PBXBuildFile; fileRef = 49B406FE1EB7FB8000761628 /* Cell.swift */; };
		49B407011EBF9D1900761628 /* Question.swift in Sources */ = {isa = PBXBuildFile; fileRef = 49B407001EBF9D1900761628 /* Question.swift */; };
		49B407031EBF9D9D00761628 /* Answer.swift in Sources */ = {isa = PBXBuildFile; fileRef = 49B407021EBF9D9D00761628 /* Answer.swift */; };
		49B407051EBF9DBA00761628 /* Score.swift in Sources */ = {isa = PBXBuildFile; fileRef = 49B407041EBF9DBA00761628 /* Score.swift */; };
		49B47ED81ECA2C9400DDCB81 /* QuestionObject.swift in Sources */ = {isa = PBXBuildFile; fileRef = 49B47ED71ECA2C9400DDCB81 /* QuestionObject.swift */; };
		49B47EDA1ECA2D3300DDCB81 /* item.swift in Sources */ = {isa = PBXBuildFile; fileRef = 49B47ED91ECA2D3300DDCB81 /* item.swift */; };
		4E38FC964A3EBDD61492083E /* Pods_iQuiz.framework in Frameworks */ = {isa = PBXBuildFile; fileRef = ABB1FCCA3965929A836E09C0 /* Pods_iQuiz.framework */; };
/* End PBXBuildFile section */

/* Begin PBXContainerItemProxy section */
		49B406E01EB7F7B700761628 /* PBXContainerItemProxy */ = {
			isa = PBXContainerItemProxy;
			containerPortal = 49B406C31EB7F7B600761628 /* Project object */;
			proxyType = 1;
			remoteGlobalIDString = 49B406CA1EB7F7B700761628;
			remoteInfo = iQuiz;
		};
		49B406EB1EB7F7B700761628 /* PBXContainerItemProxy */ = {
			isa = PBXContainerItemProxy;
			containerPortal = 49B406C31EB7F7B600761628 /* Project object */;
			proxyType = 1;
			remoteGlobalIDString = 49B406CA1EB7F7B700761628;
			remoteInfo = iQuiz;
		};
/* End PBXContainerItemProxy section */

/* Begin PBXFileReference section */
		49B406CB1EB7F7B700761628 /* iQuiz.app */ = {isa = PBXFileReference; explicitFileType = wrapper.application; includeInIndex = 0; path = iQuiz.app; sourceTree = BUILT_PRODUCTS_DIR; };
		49B406CE1EB7F7B700761628 /* AppDelegate.swift */ = {isa = PBXFileReference; lastKnownFileType = sourcecode.swift; path = AppDelegate.swift; sourceTree = "<group>"; };
		49B406D01EB7F7B700761628 /* ViewController.swift */ = {isa = PBXFileReference; lastKnownFileType = sourcecode.swift; path = ViewController.swift; sourceTree = "<group>"; };
		49B406D31EB7F7B700761628 /* Base */ = {isa = PBXFileReference; lastKnownFileType = file.storyboard; name = Base; path = Base.lproj/Main.storyboard; sourceTree = "<group>"; };
		49B406D51EB7F7B700761628 /* Assets.xcassets */ = {isa = PBXFileReference; lastKnownFileType = folder.assetcatalog; path = Assets.xcassets; sourceTree = "<group>"; };
		49B406D81EB7F7B700761628 /* Base */ = {isa = PBXFileReference; lastKnownFileType = file.storyboard; name = Base; path = Base.lproj/LaunchScreen.storyboard; sourceTree = "<group>"; };
		49B406DA1EB7F7B700761628 /* Info.plist */ = {isa = PBXFileReference; lastKnownFileType = text.plist.xml; path = Info.plist; sourceTree = "<group>"; };
		49B406DF1EB7F7B700761628 /* iQuizTests.xctest */ = {isa = PBXFileReference; explicitFileType = wrapper.cfbundle; includeInIndex = 0; path = iQuizTests.xctest; sourceTree = BUILT_PRODUCTS_DIR; };
		49B406E31EB7F7B700761628 /* iQuizTests.swift */ = {isa = PBXFileReference; lastKnownFileType = sourcecode.swift; path = iQuizTests.swift; sourceTree = "<group>"; };
		49B406E51EB7F7B700761628 /* Info.plist */ = {isa = PBXFileReference; lastKnownFileType = text.plist.xml; path = Info.plist; sourceTree = "<group>"; };
		49B406EA1EB7F7B700761628 /* iQuizUITests.xctest */ = {isa = PBXFileReference; explicitFileType = wrapper.cfbundle; includeInIndex = 0; path = iQuizUITests.xctest; sourceTree = BUILT_PRODUCTS_DIR; };
		49B406EE1EB7F7B700761628 /* iQuizUITests.swift */ = {isa = PBXFileReference; lastKnownFileType = sourcecode.swift; path = iQuizUITests.swift; sourceTree = "<group>"; };
		49B406F01EB7F7B700761628 /* Info.plist */ = {isa = PBXFileReference; lastKnownFileType = text.plist.xml; path = Info.plist; sourceTree = "<group>"; };
		49B406FC1EB7FB4D00761628 /* NavView.swift */ = {isa = PBXFileReference; fileEncoding = 4; lastKnownFileType = sourcecode.swift; path = NavView.swift; sourceTree = "<group>"; };
		49B406FE1EB7FB8000761628 /* Cell.swift */ = {isa = PBXFileReference; fileEncoding = 4; lastKnownFileType = sourcecode.swift; path = Cell.swift; sourceTree = "<group>"; };
		49B407001EBF9D1900761628 /* Question.swift */ = {isa = PBXFileReference; fileEncoding = 4; lastKnownFileType = sourcecode.swift; path = Question.swift; sourceTree = "<group>"; };
		49B407021EBF9D9D00761628 /* Answer.swift */ = {isa = PBXFileReference; fileEncoding = 4; lastKnownFileType = sourcecode.swift; path = Answer.swift; sourceTree = "<group>"; };
		49B407041EBF9DBA00761628 /* Score.swift */ = {isa = PBXFileReference; fileEncoding = 4; lastKnownFileType = sourcecode.swift; path = Score.swift; sourceTree = "<group>"; };
		49B47ED71ECA2C9400DDCB81 /* QuestionObject.swift */ = {isa = PBXFileReference; fileEncoding = 4; lastKnownFileType = sourcecode.swift; path = QuestionObject.swift; sourceTree = "<group>"; };
		49B47ED91ECA2D3300DDCB81 /* item.swift */ = {isa = PBXFileReference; fileEncoding = 4; lastKnownFileType = sourcecode.swift; path = item.swift; sourceTree = "<group>"; };
		4B84986AA3893BEA7CE05C10 /* Pods-iQuiz.release.xcconfig */ = {isa = PBXFileReference; includeInIndex = 1; lastKnownFileType = text.xcconfig; name = "Pods-iQuiz.release.xcconfig"; path = "Pods/Target Support Files/Pods-iQuiz/Pods-iQuiz.release.xcconfig"; sourceTree = "<group>"; };
		90B64EEB687D8BA46866C41F /* Pods-iQuiz.debug.xcconfig */ = {isa = PBXFileReference; includeInIndex = 1; lastKnownFileType = text.xcconfig; name = "Pods-iQuiz.debug.xcconfig"; path = "Pods/Target Support Files/Pods-iQuiz/Pods-iQuiz.debug.xcconfig"; sourceTree = "<group>"; };
		ABB1FCCA3965929A836E09C0 /* Pods_iQuiz.framework */ = {isa = PBXFileReference; explicitFileType = wrapper.framework; includeInIndex = 0; path = Pods_iQuiz.framework; sourceTree = BUILT_PRODUCTS_DIR; };
/* End PBXFileReference section */

/* Begin PBXFrameworksBuildPhase section */
		49B406C81EB7F7B700761628 /* Frameworks */ = {
			isa = PBXFrameworksBuildPhase;
			buildActionMask = 2147483647;
			files = (
				4E38FC964A3EBDD61492083E /* Pods_iQuiz.framework in Frameworks */,
			);
			runOnlyForDeploymentPostprocessing = 0;
		};
		49B406DC1EB7F7B700761628 /* Frameworks */ = {
			isa = PBXFrameworksBuildPhase;
			buildActionMask = 2147483647;
			files = (
			);
			runOnlyForDeploymentPostprocessing = 0;
		};
		49B406E71EB7F7B700761628 /* Frameworks */ = {
			isa = PBXFrameworksBuildPhase;
			buildActionMask = 2147483647;
			files = (
			);
			runOnlyForDeploymentPostprocessing = 0;
		};
/* End PBXFrameworksBuildPhase section */

/* Begin PBXGroup section */
		3FF4827E93CC0A09915B5E55 /* Pods */ = {
			isa = PBXGroup;
			children = (
				90B64EEB687D8BA46866C41F /* Pods-iQuiz.debug.xcconfig */,
				4B84986AA3893BEA7CE05C10 /* Pods-iQuiz.release.xcconfig */,
			);
			name = Pods;
			sourceTree = "<group>";
		};
		49B406C21EB7F7B600761628 = {
			isa = PBXGroup;
			children = (
				49B406CD1EB7F7B700761628 /* iQuiz */,
				49B406E21EB7F7B700761628 /* iQuizTests */,
				49B406ED1EB7F7B700761628 /* iQuizUITests */,
				49B406CC1EB7F7B700761628 /* Products */,
				3FF4827E93CC0A09915B5E55 /* Pods */,
				752FC82653A2BD3F83656D17 /* Frameworks */,
			);
			sourceTree = "<group>";
		};
		49B406CC1EB7F7B700761628 /* Products */ = {
			isa = PBXGroup;
			children = (
				49B406CB1EB7F7B700761628 /* iQuiz.app */,
				49B406DF1EB7F7B700761628 /* iQuizTests.xctest */,
				49B406EA1EB7F7B700761628 /* iQuizUITests.xctest */,
			);
			name = Products;
			sourceTree = "<group>";
		};
		49B406CD1EB7F7B700761628 /* iQuiz */ = {
			isa = PBXGroup;
			children = (
				49B406D01EB7F7B700761628 /* ViewController.swift */,
				49B407001EBF9D1900761628 /* Question.swift */,
				49B406CE1EB7F7B700761628 /* AppDelegate.swift */,
				49B47ED91ECA2D3300DDCB81 /* item.swift */,
				49B406D21EB7F7B700761628 /* Main.storyboard */,
				49B406D51EB7F7B700761628 /* Assets.xcassets */,
				49B406D71EB7F7B700761628 /* LaunchScreen.storyboard */,
				49B406DA1EB7F7B700761628 /* Info.plist */,
				49B406FC1EB7FB4D00761628 /* NavView.swift */,
				49B406FE1EB7FB8000761628 /* Cell.swift */,
				49B407021EBF9D9D00761628 /* Answer.swift */,
				49B407041EBF9DBA00761628 /* Score.swift */,
				49B47ED71ECA2C9400DDCB81 /* QuestionObject.swift */,
			);
			path = iQuiz;
			sourceTree = "<group>";
		};
		49B406E21EB7F7B700761628 /* iQuizTests */ = {
			isa = PBXGroup;
			children = (
				49B406E31EB7F7B700761628 /* iQuizTests.swift */,
				49B406E51EB7F7B700761628 /* Info.plist */,
			);
			path = iQuizTests;
			sourceTree = "<group>";
		};
		49B406ED1EB7F7B700761628 /* iQuizUITests */ = {
			isa = PBXGroup;
			children = (
				49B406EE1EB7F7B700761628 /* iQuizUITests.swift */,
				49B406F01EB7F7B700761628 /* Info.plist */,
			);
			path = iQuizUITests;
			sourceTree = "<group>";
		};
		752FC82653A2BD3F83656D17 /* Frameworks */ = {
			isa = PBXGroup;
			children = (
				ABB1FCCA3965929A836E09C0 /* Pods_iQuiz.framework */,
			);
			name = Frameworks;
			sourceTree = "<group>";
		};
/* End PBXGroup section */

/* Begin PBXNativeTarget section */
		49B406CA1EB7F7B700761628 /* iQuiz */ = {
			isa = PBXNativeTarget;
			buildConfigurationList = 49B406F31EB7F7B700761628 /* Build configuration list for PBXNativeTarget "iQuiz" */;
			buildPhases = (
				681750574E58D1C1E81388D0 /* [CP] Check Pods Manifest.lock */,
				49B406C71EB7F7B700761628 /* Sources */,
				49B406C81EB7F7B700761628 /* Frameworks */,
				49B406C91EB7F7B700761628 /* Resources */,
				72BC57079D07C60E1EC2E686 /* [CP] Embed Pods Frameworks */,
				6DF61F2041413078EE240F6D /* [CP] Copy Pods Resources */,
			);
			buildRules = (
			);
			dependencies = (
			);
			name = iQuiz;
			productName = iQuiz;
			productReference = 49B406CB1EB7F7B700761628 /* iQuiz.app */;
			productType = "com.apple.product-type.application";
		};
		49B406DE1EB7F7B700761628 /* iQuizTests */ = {
			isa = PBXNativeTarget;
			buildConfigurationList = 49B406F61EB7F7B700761628 /* Build configuration list for PBXNativeTarget "iQuizTests" */;
			buildPhases = (
				49B406DB1EB7F7B700761628 /* Sources */,
				49B406DC1EB7F7B700761628 /* Frameworks */,
				49B406DD1EB7F7B700761628 /* Resources */,
			);
			buildRules = (
			);
			dependencies = (
				49B406E11EB7F7B700761628 /* PBXTargetDependency */,
			);
			name = iQuizTests;
			productName = iQuizTests;
			productReference = 49B406DF1EB7F7B700761628 /* iQuizTests.xctest */;
			productType = "com.apple.product-type.bundle.unit-test";
		};
		49B406E91EB7F7B700761628 /* iQuizUITests */ = {
			isa = PBXNativeTarget;
			buildConfigurationList = 49B406F91EB7F7B700761628 /* Build configuration list for PBXNativeTarget "iQuizUITests" */;
			buildPhases = (
				49B406E61EB7F7B700761628 /* Sources */,
				49B406E71EB7F7B700761628 /* Frameworks */,
				49B406E81EB7F7B700761628 /* Resources */,
			);
			buildRules = (
			);
			dependencies = (
				49B406EC1EB7F7B700761628 /* PBXTargetDependency */,
			);
			name = iQuizUITests;
			productName = iQuizUITests;
			productReference = 49B406EA1EB7F7B700761628 /* iQuizUITests.xctest */;
			productType = "com.apple.product-type.bundle.ui-testing";
		};
/* End PBXNativeTarget section */

/* Begin PBXProject section */
		49B406C31EB7F7B600761628 /* Project object */ = {
			isa = PBXProject;
			attributes = {
				LastSwiftUpdateCheck = 0830;
				LastUpgradeCheck = 0830;
				ORGANIZATIONNAME = "Ethan McGregor";
				TargetAttributes = {
					49B406CA1EB7F7B700761628 = {
						CreatedOnToolsVersion = 8.3.1;
						ProvisioningStyle = Automatic;
					};
					49B406DE1EB7F7B700761628 = {
						CreatedOnToolsVersion = 8.3.1;
						ProvisioningStyle = Automatic;
						TestTargetID = 49B406CA1EB7F7B700761628;
					};
					49B406E91EB7F7B700761628 = {
						CreatedOnToolsVersion = 8.3.1;
						ProvisioningStyle = Automatic;
						TestTargetID = 49B406CA1EB7F7B700761628;
					};
				};
			};
			buildConfigurationList = 49B406C61EB7F7B600761628 /* Build configuration list for PBXProject "iQuiz" */;
			compatibilityVersion = "Xcode 3.2";
			developmentRegion = English;
			hasScannedForEncodings = 0;
			knownRegions = (
				en,
				Base,
			);
			mainGroup = 49B406C21EB7F7B600761628;
			productRefGroup = 49B406CC1EB7F7B700761628 /* Products */;
			projectDirPath = "";
			projectRoot = "";
			targets = (
				49B406CA1EB7F7B700761628 /* iQuiz */,
				49B406DE1EB7F7B700761628 /* iQuizTests */,
				49B406E91EB7F7B700761628 /* iQuizUITests */,
			);
		};
/* End PBXProject section */

/* Begin PBXResourcesBuildPhase section */
		49B406C91EB7F7B700761628 /* Resources */ = {
			isa = PBXResourcesBuildPhase;
			buildActionMask = 2147483647;
			files = (
				49B406D91EB7F7B700761628 /* LaunchScreen.storyboard in Resources */,
				49B406D61EB7F7B700761628 /* Assets.xcassets in Resources */,
				49B406D41EB7F7B700761628 /* Main.storyboard in Resources */,
			);
			runOnlyForDeploymentPostprocessing = 0;
		};
		49B406DD1EB7F7B700761628 /* Resources */ = {
			isa = PBXResourcesBuildPhase;
			buildActionMask = 2147483647;
			files = (
			);
			runOnlyForDeploymentPostprocessing = 0;
		};
		49B406E81EB7F7B700761628 /* Resources */ = {
			isa = PBXResourcesBuildPhase;
			buildActionMask = 2147483647;
			files = (
			);
			runOnlyForDeploymentPostprocessing = 0;
		};
/* End PBXResourcesBuildPhase section */

/* Begin PBXShellScriptBuildPhase section */
		681750574E58D1C1E81388D0 /* [CP] Check Pods Manifest.lock */ = {
			isa = PBXShellScriptBuildPhase;
			buildActionMask = 2147483647;
			files = (
			);
			inputPaths = (
			);
			name = "[CP] Check Pods Manifest.lock";
			outputPaths = (
			);
			runOnlyForDeploymentPostprocessing = 0;
			shellPath = /bin/sh;
			shellScript = "diff \"${PODS_PODFILE_DIR_PATH}/Podfile.lock\" \"${PODS_ROOT}/Manifest.lock\" > /dev/null\nif [ $? != 0 ] ; then\n    # print error to STDERR\n    echo \"error: The sandbox is not in sync with the Podfile.lock. Run 'pod install' or update your CocoaPods installation.\" >&2\n    exit 1\nfi\n";
			showEnvVarsInLog = 0;
		};
		6DF61F2041413078EE240F6D /* [CP] Copy Pods Resources */ = {
			isa = PBXShellScriptBuildPhase;
			buildActionMask = 2147483647;
			files = (
			);
			inputPaths = (
			);
			name = "[CP] Copy Pods Resources";
			outputPaths = (
			);
			runOnlyForDeploymentPostprocessing = 0;
			shellPath = /bin/sh;
			shellScript = "\"${SRCROOT}/Pods/Target Support Files/Pods-iQuiz/Pods-iQuiz-resources.sh\"\n";
			showEnvVarsInLog = 0;
		};
		72BC57079D07C60E1EC2E686 /* [CP] Embed Pods Frameworks */ = {
			isa = PBXShellScriptBuildPhase;
			buildActionMask = 2147483647;
			files = (
			);
			inputPaths = (
			);
			name = "[CP] Embed Pods Frameworks";
			outputPaths = (
			);
			runOnlyForDeploymentPostprocessing = 0;
			shellPath = /bin/sh;
			shellScript = "\"${SRCROOT}/Pods/Target Support Files/Pods-iQuiz/Pods-iQuiz-frameworks.sh\"\n";
			showEnvVarsInLog = 0;
		};
/* End PBXShellScriptBuildPhase section */

/* Begin PBXSourcesBuildPhase section */
		49B406C71EB7F7B700761628 /* Sources */ = {
			isa = PBXSourcesBuildPhase;
			buildActionMask = 2147483647;
			files = (
				49B407051EBF9DBA00761628 /* Score.swift in Sources */,
				49B47EDA1ECA2D3300DDCB81 /* item.swift in Sources */,
				49B407011EBF9D1900761628 /* Question.swift in Sources */,
				49B406FD1EB7FB4D00761628 /* NavView.swift in Sources */,
				49B406FF1EB7FB8000761628 /* Cell.swift in Sources */,
				49B407031EBF9D9D00761628 /* Answer.swift in Sources */,
				49B406D11EB7F7B700761628 /* ViewController.swift in Sources */,
				49B47ED81ECA2C9400DDCB81 /* QuestionObject.swift in Sources */,
				49B406CF1EB7F7B700761628 /* AppDelegate.swift in Sources */,
			);
			runOnlyForDeploymentPostprocessing = 0;
		};
		49B406DB1EB7F7B700761628 /* Sources */ = {
			isa = PBXSourcesBuildPhase;
			buildActionMask = 2147483647;
			files = (
				49B406E41EB7F7B700761628 /* iQuizTests.swift in Sources */,
			);
			runOnlyForDeploymentPostprocessing = 0;
		};
		49B406E61EB7F7B700761628 /* Sources */ = {
			isa = PBXSourcesBuildPhase;
			buildActionMask = 2147483647;
			files = (
				49B406EF1EB7F7B700761628 /* iQuizUITests.swift in Sources */,
			);
			runOnlyForDeploymentPostprocessing = 0;
		};
/* End PBXSourcesBuildPhase section */

/* Begin PBXTargetDependency section */
		49B406E11EB7F7B700761628 /* PBXTargetDependency */ = {
			isa = PBXTargetDependency;
			target = 49B406CA1EB7F7B700761628 /* iQuiz */;
			targetProxy = 49B406E01EB7F7B700761628 /* PBXContainerItemProxy */;
		};
		49B406EC1EB7F7B700761628 /* PBXTargetDependency */ = {
			isa = PBXTargetDependency;
			target = 49B406CA1EB7F7B700761628 /* iQuiz */;
			targetProxy = 49B406EB1EB7F7B700761628 /* PBXContainerItemProxy */;
		};
/* End PBXTargetDependency section */

/* Begin PBXVariantGroup section */
		49B406D21EB7F7B700761628 /* Main.storyboard */ = {
			isa = PBXVariantGroup;
			children = (
				49B406D31EB7F7B700761628 /* Base */,
			);
			name = Main.storyboard;
			sourceTree = "<group>";
		};
		49B406D71EB7F7B700761628 /* LaunchScreen.storyboard */ = {
			isa = PBXVariantGroup;
			children = (
				49B406D81EB7F7B700761628 /* Base */,
			);
			name = LaunchScreen.storyboard;
			sourceTree = "<group>";
		};
/* End PBXVariantGroup section */

/* Begin XCBuildConfiguration section */
		49B406F11EB7F7B700761628 /* Debug */ = {
			isa = XCBuildConfiguration;
			buildSettings = {
				ALWAYS_SEARCH_USER_PATHS = NO;
				CLANG_ANALYZER_NONNULL = YES;
				CLANG_ANALYZER_NUMBER_OBJECT_CONVERSION = YES_AGGRESSIVE;
				CLANG_CXX_LANGUAGE_STANDARD = "gnu++0x";
				CLANG_CXX_LIBRARY = "libc++";
				CLANG_ENABLE_MODULES = YES;
				CLANG_ENABLE_OBJC_ARC = YES;
				CLANG_WARN_BOOL_CONVERSION = YES;
				CLANG_WARN_CONSTANT_CONVERSION = YES;
				CLANG_WARN_DIRECT_OBJC_ISA_USAGE = YES_ERROR;
				CLANG_WARN_DOCUMENTATION_COMMENTS = YES;
				CLANG_WARN_EMPTY_BODY = YES;
				CLANG_WARN_ENUM_CONVERSION = YES;
				CLANG_WARN_INFINITE_RECURSION = YES;
				CLANG_WARN_INT_CONVERSION = YES;
				CLANG_WARN_OBJC_ROOT_CLASS = YES_ERROR;
				CLANG_WARN_SUSPICIOUS_MOVE = YES;
				CLANG_WARN_UNREACHABLE_CODE = YES;
				CLANG_WARN__DUPLICATE_METHOD_MATCH = YES;
				"CODE_SIGN_IDENTITY[sdk=iphoneos*]" = "iPhone Developer";
				COPY_PHASE_STRIP = NO;
				DEBUG_INFORMATION_FORMAT = dwarf;
				ENABLE_STRICT_OBJC_MSGSEND = YES;
				ENABLE_TESTABILITY = YES;
				GCC_C_LANGUAGE_STANDARD = gnu99;
				GCC_DYNAMIC_NO_PIC = NO;
				GCC_NO_COMMON_BLOCKS = YES;
				GCC_OPTIMIZATION_LEVEL = 0;
				GCC_PREPROCESSOR_DEFINITIONS = (
					"DEBUG=1",
					"$(inherited)",
				);
				GCC_WARN_64_TO_32_BIT_CONVERSION = YES;
				GCC_WARN_ABOUT_RETURN_TYPE = YES_ERROR;
				GCC_WARN_UNDECLARED_SELECTOR = YES;
				GCC_WARN_UNINITIALIZED_AUTOS = YES_AGGRESSIVE;
				GCC_WARN_UNUSED_FUNCTION = YES;
				GCC_WARN_UNUSED_VARIABLE = YES;
				IPHONEOS_DEPLOYMENT_TARGET = 10.3;
				MTL_ENABLE_DEBUG_INFO = YES;
				ONLY_ACTIVE_ARCH = YES;
				SDKROOT = iphoneos;
				SWIFT_ACTIVE_COMPILATION_CONDITIONS = DEBUG;
				SWIFT_OPTIMIZATION_LEVEL = "-Onone";
				TARGETED_DEVICE_FAMILY = "1,2";
			};
			name = Debug;
		};
		49B406F21EB7F7B700761628 /* Release */ = {
			isa = XCBuildConfiguration;
			buildSettings = {
				ALWAYS_SEARCH_USER_PATHS = NO;
				CLANG_ANALYZER_NONNULL = YES;
				CLANG_ANALYZER_NUMBER_OBJECT_CONVERSION = YES_AGGRESSIVE;
				CLANG_CXX_LANGUAGE_STANDARD = "gnu++0x";
				CLANG_CXX_LIBRARY = "libc++";
				CLANG_ENABLE_MODULES = YES;
				CLANG_ENABLE_OBJC_ARC = YES;
				CLANG_WARN_BOOL_CONVERSION = YES;
				CLANG_WARN_CONSTANT_CONVERSION = YES;
				CLANG_WARN_DIRECT_OBJC_ISA_USAGE = YES_ERROR;
				CLANG_WARN_DOCUMENTATION_COMMENTS = YES;
				CLANG_WARN_EMPTY_BODY = YES;
				CLANG_WARN_ENUM_CONVERSION = YES;
				CLANG_WARN_INFINITE_RECURSION = YES;
				CLANG_WARN_INT_CONVERSION = YES;
				CLANG_WARN_OBJC_ROOT_CLASS = YES_ERROR;
				CLANG_WARN_SUSPICIOUS_MOVE = YES;
				CLANG_WARN_UNREACHABLE_CODE = YES;
				CLANG_WARN__DUPLICATE_METHOD_MATCH = YES;
				"CODE_SIGN_IDENTITY[sdk=iphoneos*]" = "iPhone Developer";
				COPY_PHASE_STRIP = NO;
				DEBUG_INFORMATION_FORMAT = "dwarf-with-dsym";
				ENABLE_NS_ASSERTIONS = NO;
				ENABLE_STRICT_OBJC_MSGSEND = YES;
				GCC_C_LANGUAGE_STANDARD = gnu99;
				GCC_NO_COMMON_BLOCKS = YES;
				GCC_WARN_64_TO_32_BIT_CONVERSION = YES;
				GCC_WARN_ABOUT_RETURN_TYPE = YES_ERROR;
				GCC_WARN_UNDECLARED_SELECTOR = YES;
				GCC_WARN_UNINITIALIZED_AUTOS = YES_AGGRESSIVE;
				GCC_WARN_UNUSED_FUNCTION = YES;
				GCC_WARN_UNUSED_VARIABLE = YES;
				IPHONEOS_DEPLOYMENT_TARGET = 10.3;
				MTL_ENABLE_DEBUG_INFO = NO;
				SDKROOT = iphoneos;
				SWIFT_OPTIMIZATION_LEVEL = "-Owholemodule";
				TARGETED_DEVICE_FAMILY = "1,2";
				VALIDATE_PRODUCT = YES;
			};
			name = Release;
		};
		49B406F41EB7F7B700761628 /* Debug */ = {
			isa = XCBuildConfiguration;
			baseConfigurationReference = 90B64EEB687D8BA46866C41F /* Pods-iQuiz.debug.xcconfig */;
			buildSettings = {
				ASSETCATALOG_COMPILER_APPICON_NAME = AppIcon;
				INFOPLIST_FILE = iQuiz/Info.plist;
				LD_RUNPATH_SEARCH_PATHS = "$(inherited) @executable_path/Frameworks";
				PRODUCT_BUNDLE_IDENTIFIER = UW.iQuiz;
				PRODUCT_NAME = "$(TARGET_NAME)";
				SWIFT_VERSION = 3.0;
			};
			name = Debug;
		};
		49B406F51EB7F7B700761628 /* Release */ = {
			isa = XCBuildConfiguration;
			baseConfigurationReference = 4B84986AA3893BEA7CE05C10 /* Pods-iQuiz.release.xcconfig */;
			buildSettings = {
				ASSETCATALOG_COMPILER_APPICON_NAME = AppIcon;
				INFOPLIST_FILE = iQuiz/Info.plist;
				LD_RUNPATH_SEARCH_PATHS = "$(inherited) @executable_path/Frameworks";
				PRODUCT_BUNDLE_IDENTIFIER = UW.iQuiz;
				PRODUCT_NAME = "$(TARGET_NAME)";
				SWIFT_VERSION = 3.0;
			};
			name = Release;
		};
		49B406F71EB7F7B700761628 /* Debug */ = {
			isa = XCBuildConfiguration;
			buildSettings = {
				ALWAYS_EMBED_SWIFT_STANDARD_LIBRARIES = YES;
				BUNDLE_LOADER = "$(TEST_HOST)";
				INFOPLIST_FILE = iQuizTests/Info.plist;
				LD_RUNPATH_SEARCH_PATHS = "$(inherited) @executable_path/Frameworks @loader_path/Frameworks";
				PRODUCT_BUNDLE_IDENTIFIER = UW.iQuizTests;
				PRODUCT_NAME = "$(TARGET_NAME)";
				SWIFT_VERSION = 3.0;
				TEST_HOST = "$(BUILT_PRODUCTS_DIR)/iQuiz.app/iQuiz";
			};
			name = Debug;
		};
		49B406F81EB7F7B700761628 /* Release */ = {
			isa = XCBuildConfiguration;
			buildSettings = {
				ALWAYS_EMBED_SWIFT_STANDARD_LIBRARIES = YES;
				BUNDLE_LOADER = "$(TEST_HOST)";
				INFOPLIST_FILE = iQuizTests/Info.plist;
				LD_RUNPATH_SEARCH_PATHS = "$(inherited) @executable_path/Frameworks @loader_path/Frameworks";
				PRODUCT_BUNDLE_IDENTIFIER = UW.iQuizTests;
				PRODUCT_NAME = "$(TARGET_NAME)";
				SWIFT_VERSION = 3.0;
				TEST_HOST = "$(BUILT_PRODUCTS_DIR)/iQuiz.app/iQuiz";
			};
			name = Release;
		};
		49B406FA1EB7F7B700761628 /* Debug */ = {
			isa = XCBuildConfiguration;
			buildSettings = {
				ALWAYS_EMBED_SWIFT_STANDARD_LIBRARIES = YES;
				INFOPLIST_FILE = iQuizUITests/Info.plist;
				LD_RUNPATH_SEARCH_PATHS = "$(inherited) @executable_path/Frameworks @loader_path/Frameworks";
				PRODUCT_BUNDLE_IDENTIFIER = UW.iQuizUITests;
				PRODUCT_NAME = "$(TARGET_NAME)";
				SWIFT_VERSION = 3.0;
				TEST_TARGET_NAME = iQuiz;
			};
			name = Debug;
		};
		49B406FB1EB7F7B700761628 /* Release */ = {
			isa = XCBuildConfiguration;
			buildSettings = {
				ALWAYS_EMBED_SWIFT_STANDARD_LIBRARIES = YES;
				INFOPLIST_FILE = iQuizUITests/Info.plist;
				LD_RUNPATH_SEARCH_PATHS = "$(inherited) @executable_path/Frameworks @loader_path/Frameworks";
				PRODUCT_BUNDLE_IDENTIFIER = UW.iQuizUITests;
				PRODUCT_NAME = "$(TARGET_NAME)";
				SWIFT_VERSION = 3.0;
				TEST_TARGET_NAME = iQuiz;
			};
			name = Release;
		};
/* End XCBuildConfiguration section */

/* Begin XCConfigurationList section */
		49B406C61EB7F7B600761628 /* Build configuration list for PBXProject "iQuiz" */ = {
			isa = XCConfigurationList;
			buildConfigurations = (
				49B406F11EB7F7B700761628 /* Debug */,
				49B406F21EB7F7B700761628 /* Release */,
			);
			defaultConfigurationIsVisible = 0;
			defaultConfigurationName = Release;
		};
		49B406F31EB7F7B700761628 /* Build configuration list for PBXNativeTarget "iQuiz" */ = {
			isa = XCConfigurationList;
			buildConfigurations = (
				49B406F41EB7F7B700761628 /* Debug */,
				49B406F51EB7F7B700761628 /* Release */,
			);
			defaultConfigurationIsVisible = 0;
			defaultConfigurationName = Release;
		};
		49B406F61EB7F7B700761628 /* Build configuration list for PBXNativeTarget "iQuizTests" */ = {
			isa = XCConfigurationList;
			buildConfigurations = (
				49B406F71EB7F7B700761628 /* Debug */,
				49B406F81EB7F7B700761628 /* Release */,
			);
			defaultConfigurationIsVisible = 0;
			defaultConfigurationName = Release;
		};
		49B406F91EB7F7B700761628 /* Build configuration list for PBXNativeTarget "iQuizUITests" */ = {
			isa = XCConfigurationList;
			buildConfigurations = (
				49B406FA1EB7F7B700761628 /* Debug */,
				49B406FB1EB7F7B700761628 /* Release */,
			);
			defaultConfigurationIsVisible = 0;
			defaultConfigurationName = Release;
		};
/* End XCConfigurationList section */
	};
	rootObject = 49B406C31EB7F7B600761628 /* Project object */;
}
